
Microsoft Visual Studio Solution File, Format Version 12.00
# Visual Studio Version 17
VisualStudioVersion = 17.12.35728.132 d17.12
MinimumVisualStudioVersion = 10.0.40219.1
Project("{FAE04EC0-301F-11D3-BF4B-00C04F79EFBC}") = "С#-Pro-Extra-HomeWork-1", "С#-Pro-Extra-HomeWork-1\С#-Pro-Extra-HomeWork-1.csproj", "{DC3185C7-14BA-4DE0-91C7-6D16428AB28A}"
EndProject
Global
	GlobalSection(SolutionConfigurationPlatforms) = preSolution
		Debug|Any CPU = Debug|Any CPU
		Release|Any CPU = Release|Any CPU
	EndGlobalSection
	GlobalSection(ProjectConfigurationPlatforms) = postSolution
		{DC3185C7-14BA-4DE0-91C7-6D16428AB28A}.Debug|Any CPU.ActiveCfg = Debug|Any CPU
		{DC3185C7-14BA-4DE0-91C7-6D16428AB28A}.Debug|Any CPU.Build.0 = Debug|Any CPU
		{DC3185C7-14BA-4DE0-91C7-6D16428AB28A}.Release|Any CPU.ActiveCfg = Release|Any CPU
		{DC3185C7-14BA-4DE0-91C7-6D16428AB28A}.Release|Any CPU.Build.0 = Release|Any CPU
	EndGlobalSection
	GlobalSection(SolutionProperties) = preSolution
		HideSolutionNode = FALSE
	EndGlobalSection
EndGlobal
